// !$*UTF8*$!
{
	archiveVersion = 1;
	classes = {
	};
	objectVersion = 46;
	objects = {

/* Begin PBXBuildFile section */
		1900510C1E98E21F00D5415A /* VCBegain.m in Sources */ = {isa = PBXBuildFile; fileRef = 1900510A1E98E21F00D5415A /* VCBegain.m */; };
		190BD23B1EA5C4FF0085EB44 /* FMDatabase.m in Sources */ = {isa = PBXBuildFile; fileRef = 190BD2311EA5C4FF0085EB44 /* FMDatabase.m */; };
		190BD23C1EA5C4FF0085EB44 /* FMDatabaseAdditions.m in Sources */ = {isa = PBXBuildFile; fileRef = 190BD2331EA5C4FF0085EB44 /* FMDatabaseAdditions.m */; };
		190BD23D1EA5C4FF0085EB44 /* FMDatabasePool.m in Sources */ = {isa = PBXBuildFile; fileRef = 190BD2351EA5C4FF0085EB44 /* FMDatabasePool.m */; };
		190BD23E1EA5C4FF0085EB44 /* FMDatabaseQueue.m in Sources */ = {isa = PBXBuildFile; fileRef = 190BD2371EA5C4FF0085EB44 /* FMDatabaseQueue.m */; };
		190BD23F1EA5C4FF0085EB44 /* FMResultSet.m in Sources */ = {isa = PBXBuildFile; fileRef = 190BD23A1EA5C4FF0085EB44 /* FMResultSet.m */; };
		190BD2451EA5E7320085EB44 /* NSObject+DBPart.m in Sources */ = {isa = PBXBuildFile; fileRef = 190BD2441EA5E7320085EB44 /* NSObject+DBPart.m */; };
		190BD24B1EA60A200085EB44 /* wolfmen_killer_DB.db in Resources */ = {isa = PBXBuildFile; fileRef = 190BD24A1EA60A200085EB44 /* wolfmen_killer_DB.db */; };
		191924191E9E64F500F8B759 /* icon.png in Resources */ = {isa = PBXBuildFile; fileRef = 191924181E9E64F500F8B759 /* icon.png */; };
		1919241C1E9FB2F200F8B759 /* VCUserInfo.m in Sources */ = {isa = PBXBuildFile; fileRef = 1919241B1E9FB2F200F8B759 /* VCUserInfo.m */; };
		1919241E1EA1EA6900F8B759 /* Assets.xcassets in Resources */ = {isa = PBXBuildFile; fileRef = 1919241D1EA1EA6900F8B759 /* Assets.xcassets */; };
		1919242A1EA217FB00F8B759 /* VCFriend.m in Sources */ = {isa = PBXBuildFile; fileRef = 191924291EA217FB00F8B759 /* VCFriend.m */; };
		1919242D1EA220F900F8B759 /* VCPrepare.m in Sources */ = {isa = PBXBuildFile; fileRef = 1919242C1EA220F900F8B759 /* VCPrepare.m */; };
		191924301EA25D3100F8B759 /* gameElementDB.xcdatamodeld in Sources */ = {isa = PBXBuildFile; fileRef = 1919242E1EA25D3100F8B759 /* gameElementDB.xcdatamodeld */; };
		191924341EA3597A00F8B759 /* libsqlite3.tbd in Frameworks */ = {isa = PBXBuildFile; fileRef = 191924331EA3597A00F8B759 /* libsqlite3.tbd */; };
		1919243A1EA3624500F8B759 /* VCHistory.m in Sources */ = {isa = PBXBuildFile; fileRef = 191924391EA3624500F8B759 /* VCHistory.m */; };
		1919243C1EA3627200F8B759 /* history.storyboard in Resources */ = {isa = PBXBuildFile; fileRef = 1919243B1EA3627200F8B759 /* history.storyboard */; };
		1919243E1EA362DF00F8B759 /* friend.storyboard in Resources */ = {isa = PBXBuildFile; fileRef = 1919243D1EA362DF00F8B759 /* friend.storyboard */; };
		191924401EA3636D00F8B759 /* help.storyboard in Resources */ = {isa = PBXBuildFile; fileRef = 1919243F1EA3636D00F8B759 /* help.storyboard */; };
		191924431EA3638A00F8B759 /* VCHelp.m in Sources */ = {isa = PBXBuildFile; fileRef = 191924421EA3638A00F8B759 /* VCHelp.m */; };
		192CBD7C1EA65047002E48F7 /* VCCharactor.m in Sources */ = {isa = PBXBuildFile; fileRef = 192CBD7B1EA65047002E48F7 /* VCCharactor.m */; };
		192CBD7F1EA6607C002E48F7 /* Vcell.m in Sources */ = {isa = PBXBuildFile; fileRef = 192CBD7E1EA6607C002E48F7 /* Vcell.m */; };
		1953DA3D1E9CE74A0097D40F /* VCMain.storyboard in Resources */ = {isa = PBXBuildFile; fileRef = 1953DA3C1E9CE74A0097D40F /* VCMain.storyboard */; };
		1953DA431E9CF91D0097D40F /* Prepare.storyboard in Resources */ = {isa = PBXBuildFile; fileRef = 1953DA421E9CF91D0097D40F /* Prepare.storyboard */; };
		199E02F01E98F93900F07F30 /* login.storyboard in Resources */ = {isa = PBXBuildFile; fileRef = 199E02EF1E98F93900F07F30 /* login.storyboard */; };
		19F2F7A31E98C56000936FCF /* main.m in Sources */ = {isa = PBXBuildFile; fileRef = 19F2F7A21E98C56000936FCF /* main.m */; };
		19F2F7A61E98C56000936FCF /* AppDelegate.m in Sources */ = {isa = PBXBuildFile; fileRef = 19F2F7A51E98C56000936FCF /* AppDelegate.m */; };
		19F2F7B11E98C56000936FCF /* LaunchScreen.storyboard in Resources */ = {isa = PBXBuildFile; fileRef = 19F2F7AF1E98C56000936FCF /* LaunchScreen.storyboard */; };
		19F5CFFB1E991C4F00B15A67 /* VCLogin.m in Sources */ = {isa = PBXBuildFile; fileRef = 19F5CFFA1E991C4F00B15A67 /* VCLogin.m */; };
		19F5CFFE1E99244B00B15A67 /* VCRegist.m in Sources */ = {isa = PBXBuildFile; fileRef = 19F5CFFD1E99244B00B15A67 /* VCRegist.m */; };
		19F5D0101E9A432C00B15A67 /* VCMain.m in Sources */ = {isa = PBXBuildFile; fileRef = 19F5D00F1E9A432C00B15A67 /* VCMain.m */; };
		19F5D0191E9A464100B15A67 /* MBProgressHUD.m in Sources */ = {isa = PBXBuildFile; fileRef = 19F5D0161E9A464100B15A67 /* MBProgressHUD.m */; };
		19F5D01A1E9A464100B15A67 /* MBProgressHUD+MJ.m in Sources */ = {isa = PBXBuildFile; fileRef = 19F5D0181E9A464100B15A67 /* MBProgressHUD+MJ.m */; };
		19F5D0201E9A64D400B15A67 /* CIDoorwaySegue.m in Sources */ = {isa = PBXBuildFile; fileRef = 19F5D01F1E9A64D400B15A67 /* CIDoorwaySegue.m */; };
		19FE7B041EA4EB4F00ACA6E0 /* VCWeb.m in Sources */ = {isa = PBXBuildFile; fileRef = 19FE7B031EA4EB4F00ACA6E0 /* VCWeb.m */; };
		19FE7B091EA4F4A000ACA6E0 /* AudioToolbox.framework in Frameworks */ = {isa = PBXBuildFile; fileRef = 19FE7B081EA4F4A000ACA6E0 /* AudioToolbox.framework */; };
		FE0C69091EAF8525000B228C /* PlayerSelectCharacter.storyboard in Resources */ = {isa = PBXBuildFile; fileRef = FE0C69081EAF8525000B228C /* PlayerSelectCharacter.storyboard */; };
		FE0C690C1EAF8875000B228C /* VCPlayerSelect.m in Sources */ = {isa = PBXBuildFile; fileRef = FE0C690B1EAF8875000B228C /* VCPlayerSelect.m */; };
		FE0C690F1EAF89D6000B228C /* VSelectCell.m in Sources */ = {isa = PBXBuildFile; fileRef = FE0C690E1EAF89D6000B228C /* VSelectCell.m */; };
/* End PBXBuildFile section */

/* Begin PBXFileReference section */
		190051091E98E21F00D5415A /* VCBegain.h */ = {isa = PBXFileReference; fileEncoding = 4; lastKnownFileType = sourcecode.c.h; path = VCBegain.h; sourceTree = "<group>"; };
		1900510A1E98E21F00D5415A /* VCBegain.m */ = {isa = PBXFileReference; fileEncoding = 4; lastKnownFileType = sourcecode.c.objc; path = VCBegain.m; sourceTree = "<group>"; };
		190BD2301EA5C4FF0085EB44 /* FMDatabase.h */ = {isa = PBXFileReference; fileEncoding = 4; lastKnownFileType = sourcecode.c.h; path = FMDatabase.h; sourceTree = "<group>"; };
		190BD2311EA5C4FF0085EB44 /* FMDatabase.m */ = {isa = PBXFileReference; fileEncoding = 4; lastKnownFileType = sourcecode.c.objc; path = FMDatabase.m; sourceTree = "<group>"; };
		190BD2321EA5C4FF0085EB44 /* FMDatabaseAdditions.h */ = {isa = PBXFileReference; fileEncoding = 4; lastKnownFileType = sourcecode.c.h; path = FMDatabaseAdditions.h; sourceTree = "<group>"; };
		190BD2331EA5C4FF0085EB44 /* FMDatabaseAdditions.m */ = {isa = PBXFileReference; fileEncoding = 4; lastKnownFileType = sourcecode.c.objc; path = FMDatabaseAdditions.m; sourceTree = "<group>"; };
		190BD2341EA5C4FF0085EB44 /* FMDatabasePool.h */ = {isa = PBXFileReference; fileEncoding = 4; lastKnownFileType = sourcecode.c.h; path = FMDatabasePool.h; sourceTree = "<group>"; };
		190BD2351EA5C4FF0085EB44 /* FMDatabasePool.m */ = {isa = PBXFileReference; fileEncoding = 4; lastKnownFileType = sourcecode.c.objc; path = FMDatabasePool.m; sourceTree = "<group>"; };
		190BD2361EA5C4FF0085EB44 /* FMDatabaseQueue.h */ = {isa = PBXFileReference; fileEncoding = 4; lastKnownFileType = sourcecode.c.h; path = FMDatabaseQueue.h; sourceTree = "<group>"; };
		190BD2371EA5C4FF0085EB44 /* FMDatabaseQueue.m */ = {isa = PBXFileReference; fileEncoding = 4; lastKnownFileType = sourcecode.c.objc; path = FMDatabaseQueue.m; sourceTree = "<group>"; };
		190BD2381EA5C4FF0085EB44 /* FMDB.h */ = {isa = PBXFileReference; fileEncoding = 4; lastKnownFileType = sourcecode.c.h; path = FMDB.h; sourceTree = "<group>"; };
		190BD2391EA5C4FF0085EB44 /* FMResultSet.h */ = {isa = PBXFileReference; fileEncoding = 4; lastKnownFileType = sourcecode.c.h; path = FMResultSet.h; sourceTree = "<group>"; };
		190BD23A1EA5C4FF0085EB44 /* FMResultSet.m */ = {isa = PBXFileReference; fileEncoding = 4; lastKnownFileType = sourcecode.c.objc; path = FMResultSet.m; sourceTree = "<group>"; };
		190BD2431EA5E7320085EB44 /* NSObject+DBPart.h */ = {isa = PBXFileReference; fileEncoding = 4; lastKnownFileType = sourcecode.c.h; path = "NSObject+DBPart.h"; sourceTree = "<group>"; };
		190BD2441EA5E7320085EB44 /* NSObject+DBPart.m */ = {isa = PBXFileReference; fileEncoding = 4; lastKnownFileType = sourcecode.c.objc; path = "NSObject+DBPart.m"; sourceTree = "<group>"; };
		190BD24A1EA60A200085EB44 /* wolfmen_killer_DB.db */ = {isa = PBXFileReference; lastKnownFileType = file; name = wolfmen_killer_DB.db; path = werwolf_killer_DB/wolfmen_killer_DB.db; sourceTree = "<group>"; };
		191924181E9E64F500F8B759 /* icon.png */ = {isa = PBXFileReference; lastKnownFileType = image.png; name = icon.png; path = wolfmen_killers/Assets.xcassets/icon.png; sourceTree = "<group>"; };
		1919241A1E9FB2F200F8B759 /* VCUserInfo.h */ = {isa = PBXFileReference; fileEncoding = 4; lastKnownFileType = sourcecode.c.h; path = VCUserInfo.h; sourceTree = "<group>"; };
		1919241B1E9FB2F200F8B759 /* VCUserInfo.m */ = {isa = PBXFileReference; fileEncoding = 4; lastKnownFileType = sourcecode.c.objc; path = VCUserInfo.m; sourceTree = "<group>"; };
		1919241D1EA1EA6900F8B759 /* Assets.xcassets */ = {isa = PBXFileReference; lastKnownFileType = folder.assetcatalog; path = Assets.xcassets; sourceTree = "<group>"; };
		191924281EA217FB00F8B759 /* VCFriend.h */ = {isa = PBXFileReference; fileEncoding = 4; lastKnownFileType = sourcecode.c.h; path = VCFriend.h; sourceTree = "<group>"; };
		191924291EA217FB00F8B759 /* VCFriend.m */ = {isa = PBXFileReference; fileEncoding = 4; lastKnownFileType = sourcecode.c.objc; path = VCFriend.m; sourceTree = "<group>"; };
		1919242B1EA220F900F8B759 /* VCPrepare.h */ = {isa = PBXFileReference; fileEncoding = 4; lastKnownFileType = sourcecode.c.h; path = VCPrepare.h; sourceTree = "<group>"; };
		1919242C1EA220F900F8B759 /* VCPrepare.m */ = {isa = PBXFileReference; fileEncoding = 4; lastKnownFileType = sourcecode.c.objc; path = VCPrepare.m; sourceTree = "<group>"; };
		1919242F1EA25D3100F8B759 /* gameElementDB.xcdatamodel */ = {isa = PBXFileReference; lastKnownFileType = wrapper.xcdatamodel; path = gameElementDB.xcdatamodel; sourceTree = "<group>"; };
		191924331EA3597A00F8B759 /* libsqlite3.tbd */ = {isa = PBXFileReference; lastKnownFileType = "sourcecode.text-based-dylib-definition"; name = libsqlite3.tbd; path = usr/lib/libsqlite3.tbd; sourceTree = SDKROOT; };
		191924381EA3624500F8B759 /* VCHistory.h */ = {isa = PBXFileReference; fileEncoding = 4; lastKnownFileType = sourcecode.c.h; path = VCHistory.h; sourceTree = "<group>"; };
		191924391EA3624500F8B759 /* VCHistory.m */ = {isa = PBXFileReference; fileEncoding = 4; lastKnownFileType = sourcecode.c.objc; path = VCHistory.m; sourceTree = "<group>"; };
		1919243B1EA3627200F8B759 /* history.storyboard */ = {isa = PBXFileReference; fileEncoding = 4; lastKnownFileType = file.storyboard; path = history.storyboard; sourceTree = "<group>"; };
		1919243D1EA362DF00F8B759 /* friend.storyboard */ = {isa = PBXFileReference; fileEncoding = 4; lastKnownFileType = file.storyboard; path = friend.storyboard; sourceTree = "<group>"; };
		1919243F1EA3636D00F8B759 /* help.storyboard */ = {isa = PBXFileReference; fileEncoding = 4; lastKnownFileType = file.storyboard; path = help.storyboard; sourceTree = "<group>"; };
		191924411EA3638A00F8B759 /* VCHelp.h */ = {isa = PBXFileReference; fileEncoding = 4; lastKnownFileType = sourcecode.c.h; path = VCHelp.h; sourceTree = "<group>"; };
		191924421EA3638A00F8B759 /* VCHelp.m */ = {isa = PBXFileReference; fileEncoding = 4; lastKnownFileType = sourcecode.c.objc; path = VCHelp.m; sourceTree = "<group>"; };
		192CBD7A1EA65047002E48F7 /* VCCharactor.h */ = {isa = PBXFileReference; fileEncoding = 4; lastKnownFileType = sourcecode.c.h; path = VCCharactor.h; sourceTree = "<group>"; };
		192CBD7B1EA65047002E48F7 /* VCCharactor.m */ = {isa = PBXFileReference; fileEncoding = 4; lastKnownFileType = sourcecode.c.objc; path = VCCharactor.m; sourceTree = "<group>"; };
		192CBD7D1EA6607C002E48F7 /* Vcell.h */ = {isa = PBXFileReference; fileEncoding = 4; lastKnownFileType = sourcecode.c.h; path = Vcell.h; sourceTree = "<group>"; };
		192CBD7E1EA6607C002E48F7 /* Vcell.m */ = {isa = PBXFileReference; fileEncoding = 4; lastKnownFileType = sourcecode.c.objc; path = Vcell.m; sourceTree = "<group>"; };
		1953DA3C1E9CE74A0097D40F /* VCMain.storyboard */ = {isa = PBXFileReference; fileEncoding = 4; lastKnownFileType = file.storyboard; path = VCMain.storyboard; sourceTree = "<group>"; };
		1953DA421E9CF91D0097D40F /* Prepare.storyboard */ = {isa = PBXFileReference; fileEncoding = 4; lastKnownFileType = file.storyboard; name = Prepare.storyboard; path = wolfmen_killers/Prepare.storyboard; sourceTree = "<group>"; };
		199E02EF1E98F93900F07F30 /* login.storyboard */ = {isa = PBXFileReference; fileEncoding = 4; lastKnownFileType = file.storyboard; name = login.storyboard; path = wolfmen_killers/login.storyboard; sourceTree = "<group>"; };
		19F2F79E1E98C56000936FCF /* wolfmen_killers.app */ = {isa = PBXFileReference; explicitFileType = wrapper.application; includeInIndex = 0; path = wolfmen_killers.app; sourceTree = BUILT_PRODUCTS_DIR; };
		19F2F7A21E98C56000936FCF /* main.m */ = {isa = PBXFileReference; lastKnownFileType = sourcecode.c.objc; path = main.m; sourceTree = "<group>"; };
		19F2F7A41E98C56000936FCF /* AppDelegate.h */ = {isa = PBXFileReference; lastKnownFileType = sourcecode.c.h; name = AppDelegate.h; path = wolfmen_killers/AppDelegate.h; sourceTree = "<group>"; };
		19F2F7A51E98C56000936FCF /* AppDelegate.m */ = {isa = PBXFileReference; lastKnownFileType = sourcecode.c.objc; path = AppDelegate.m; sourceTree = "<group>"; };
		19F2F7B01E98C56000936FCF /* Base */ = {isa = PBXFileReference; lastKnownFileType = file.storyboard; name = Base; path = Base.lproj/LaunchScreen.storyboard; sourceTree = "<group>"; };
		19F2F7B21E98C56000936FCF /* Info.plist */ = {isa = PBXFileReference; lastKnownFileType = text.plist.xml; name = Info.plist; path = wolfmen_killers/Info.plist; sourceTree = "<group>"; };
		19F5CFF91E991C4F00B15A67 /* VCLogin.h */ = {isa = PBXFileReference; fileEncoding = 4; lastKnownFileType = sourcecode.c.h; path = VCLogin.h; sourceTree = "<group>"; };
		19F5CFFA1E991C4F00B15A67 /* VCLogin.m */ = {isa = PBXFileReference; fileEncoding = 4; lastKnownFileType = sourcecode.c.objc; path = VCLogin.m; sourceTree = "<group>"; };
		19F5CFFC1E99244B00B15A67 /* VCRegist.h */ = {isa = PBXFileReference; fileEncoding = 4; lastKnownFileType = sourcecode.c.h; name = VCRegist.h; path = wolfmen_killers/VCRegist.h; sourceTree = "<group>"; };
		19F5CFFD1E99244B00B15A67 /* VCRegist.m */ = {isa = PBXFileReference; fileEncoding = 4; lastKnownFileType = sourcecode.c.objc; name = VCRegist.m; path = wolfmen_killers/VCRegist.m; sourceTree = "<group>"; };
		19F5D00E1E9A432C00B15A67 /* VCMain.h */ = {isa = PBXFileReference; fileEncoding = 4; lastKnownFileType = sourcecode.c.h; path = VCMain.h; sourceTree = "<group>"; };
		19F5D00F1E9A432C00B15A67 /* VCMain.m */ = {isa = PBXFileReference; fileEncoding = 4; lastKnownFileType = sourcecode.c.objc; path = VCMain.m; sourceTree = "<group>"; };
		19F5D0151E9A464100B15A67 /* MBProgressHUD.h */ = {isa = PBXFileReference; fileEncoding = 4; lastKnownFileType = sourcecode.c.h; path = MBProgressHUD.h; sourceTree = "<group>"; };
		19F5D0161E9A464100B15A67 /* MBProgressHUD.m */ = {isa = PBXFileReference; fileEncoding = 4; lastKnownFileType = sourcecode.c.objc; path = MBProgressHUD.m; sourceTree = "<group>"; };
		19F5D0171E9A464100B15A67 /* MBProgressHUD+MJ.h */ = {isa = PBXFileReference; fileEncoding = 4; lastKnownFileType = sourcecode.c.h; path = "MBProgressHUD+MJ.h"; sourceTree = "<group>"; };
		19F5D0181E9A464100B15A67 /* MBProgressHUD+MJ.m */ = {isa = PBXFileReference; fileEncoding = 4; lastKnownFileType = sourcecode.c.objc; path = "MBProgressHUD+MJ.m"; sourceTree = "<group>"; };
		19F5D01E1E9A64CD00B15A67 /* CIDoorwaySegue.h */ = {isa = PBXFileReference; lastKnownFileType = sourcecode.c.h; path = CIDoorwaySegue.h; sourceTree = "<group>"; };
		19F5D01F1E9A64D400B15A67 /* CIDoorwaySegue.m */ = {isa = PBXFileReference; fileEncoding = 4; lastKnownFileType = sourcecode.c.objc; path = CIDoorwaySegue.m; sourceTree = "<group>"; };
		19FE7B021EA4EB4F00ACA6E0 /* VCWeb.h */ = {isa = PBXFileReference; fileEncoding = 4; lastKnownFileType = sourcecode.c.h; path = VCWeb.h; sourceTree = "<group>"; };
		19FE7B031EA4EB4F00ACA6E0 /* VCWeb.m */ = {isa = PBXFileReference; fileEncoding = 4; lastKnownFileType = sourcecode.c.objc; path = VCWeb.m; sourceTree = "<group>"; };
		19FE7B051EA4F49C00ACA6E0 /* wolfmen_killers.entitlements */ = {isa = PBXFileReference; lastKnownFileType = text.plist.entitlements; name = wolfmen_killers.entitlements; path = wolfmen_killers/wolfmen_killers.entitlements; sourceTree = "<group>"; };
		19FE7B081EA4F4A000ACA6E0 /* AudioToolbox.framework */ = {isa = PBXFileReference; lastKnownFileType = wrapper.framework; name = AudioToolbox.framework; path = System/Library/Frameworks/AudioToolbox.framework; sourceTree = SDKROOT; };
		FE0C69081EAF8525000B228C /* PlayerSelectCharacter.storyboard */ = {isa = PBXFileReference; fileEncoding = 4; lastKnownFileType = file.storyboard; path = PlayerSelectCharacter.storyboard; sourceTree = "<group>"; };
		FE0C690A1EAF8875000B228C /* VCPlayerSelect.h */ = {isa = PBXFileReference; fileEncoding = 4; lastKnownFileType = sourcecode.c.h; path = VCPlayerSelect.h; sourceTree = "<group>"; };
		FE0C690B1EAF8875000B228C /* VCPlayerSelect.m */ = {isa = PBXFileReference; fileEncoding = 4; lastKnownFileType = sourcecode.c.objc; path = VCPlayerSelect.m; sourceTree = "<group>"; };
		FE0C690D1EAF89D6000B228C /* VSelectCell.h */ = {isa = PBXFileReference; fileEncoding = 4; lastKnownFileType = sourcecode.c.h; path = VSelectCell.h; sourceTree = "<group>"; };
		FE0C690E1EAF89D6000B228C /* VSelectCell.m */ = {isa = PBXFileReference; fileEncoding = 4; lastKnownFileType = sourcecode.c.objc; path = VSelectCell.m; sourceTree = "<group>"; };
/* End PBXFileReference section */

/* Begin PBXFrameworksBuildPhase section */
		19F2F79B1E98C56000936FCF /* Frameworks */ = {
			isa = PBXFrameworksBuildPhase;
			buildActionMask = 2147483647;
			files = (
				19FE7B091EA4F4A000ACA6E0 /* AudioToolbox.framework in Frameworks */,
				191924341EA3597A00F8B759 /* libsqlite3.tbd in Frameworks */,
			);
			runOnlyForDeploymentPostprocessing = 0;
		};
/* End PBXFrameworksBuildPhase section */

/* Begin PBXGroup section */
		190051031E98D5AB00D5415A /* 界面 */ = {
			isa = PBXGroup;
			children = (
				FE0C690A1EAF8875000B228C /* VCPlayerSelect.h */,
				FE0C690B1EAF8875000B228C /* VCPlayerSelect.m */,
				192CBD7D1EA6607C002E48F7 /* Vcell.h */,
				192CBD7E1EA6607C002E48F7 /* Vcell.m */,
				FE0C690D1EAF89D6000B228C /* VSelectCell.h */,
				FE0C690E1EAF89D6000B228C /* VSelectCell.m */,
				192CBD7A1EA65047002E48F7 /* VCCharactor.h */,
				192CBD7B1EA65047002E48F7 /* VCCharactor.m */,
				19FE7B021EA4EB4F00ACA6E0 /* VCWeb.h */,
				19FE7B031EA4EB4F00ACA6E0 /* VCWeb.m */,
				191924411EA3638A00F8B759 /* VCHelp.h */,
				191924421EA3638A00F8B759 /* VCHelp.m */,
				191924381EA3624500F8B759 /* VCHistory.h */,
				191924391EA3624500F8B759 /* VCHistory.m */,
				1919242B1EA220F900F8B759 /* VCPrepare.h */,
				1919242C1EA220F900F8B759 /* VCPrepare.m */,
				191924281EA217FB00F8B759 /* VCFriend.h */,
				191924291EA217FB00F8B759 /* VCFriend.m */,
				19F5D00E1E9A432C00B15A67 /* VCMain.h */,
				19F5D00F1E9A432C00B15A67 /* VCMain.m */,
				1919241A1E9FB2F200F8B759 /* VCUserInfo.h */,
				1919241B1E9FB2F200F8B759 /* VCUserInfo.m */,
				19F5CFF91E991C4F00B15A67 /* VCLogin.h */,
				19F5CFFA1E991C4F00B15A67 /* VCLogin.m */,
				19F5CFFC1E99244B00B15A67 /* VCRegist.h */,
				19F5CFFD1E99244B00B15A67 /* VCRegist.m */,
				190051091E98E21F00D5415A /* VCBegain.h */,
				1900510A1E98E21F00D5415A /* VCBegain.m */,
			);
			name = "界面";
			sourceTree = "<group>";
		};
		190BD22F1EA5C4E10085EB44 /* FMDB */ = {
			isa = PBXGroup;
			children = (
				190BD2431EA5E7320085EB44 /* NSObject+DBPart.h */,
				190BD2441EA5E7320085EB44 /* NSObject+DBPart.m */,
				190BD2301EA5C4FF0085EB44 /* FMDatabase.h */,
				190BD2311EA5C4FF0085EB44 /* FMDatabase.m */,
				190BD2321EA5C4FF0085EB44 /* FMDatabaseAdditions.h */,
				190BD2331EA5C4FF0085EB44 /* FMDatabaseAdditions.m */,
				190BD2341EA5C4FF0085EB44 /* FMDatabasePool.h */,
				190BD2351EA5C4FF0085EB44 /* FMDatabasePool.m */,
				190BD2361EA5C4FF0085EB44 /* FMDatabaseQueue.h */,
				190BD2371EA5C4FF0085EB44 /* FMDatabaseQueue.m */,
				190BD2381EA5C4FF0085EB44 /* FMDB.h */,
				190BD2391EA5C4FF0085EB44 /* FMResultSet.h */,
				190BD23A1EA5C4FF0085EB44 /* FMResultSet.m */,
			);
			name = FMDB;
			sourceTree = "<group>";
		};
		191924311EA25D6B00F8B759 /* coreData */ = {
			isa = PBXGroup;
			children = (
				19F2F7B21E98C56000936FCF /* Info.plist */,
				190BD24A1EA60A200085EB44 /* wolfmen_killer_DB.db */,
				1919242E1EA25D3100F8B759 /* gameElementDB.xcdatamodeld */,
			);
			name = coreData;
			sourceTree = "<group>";
		};
		191924321EA3597A00F8B759 /* Frameworks */ = {
			isa = PBXGroup;
			children = (
				19FE7B081EA4F4A000ACA6E0 /* AudioToolbox.framework */,
				191924331EA3597A00F8B759 /* libsqlite3.tbd */,
			);
			name = Frameworks;
			sourceTree = "<group>";
		};
		1953DA3E1E9CEA950097D40F /* storyboard */ = {
			isa = PBXGroup;
			children = (
				199E02EF1E98F93900F07F30 /* login.storyboard */,
				1953DA3C1E9CE74A0097D40F /* VCMain.storyboard */,
				1919243F1EA3636D00F8B759 /* help.storyboard */,
				1919243D1EA362DF00F8B759 /* friend.storyboard */,
				1919243B1EA3627200F8B759 /* history.storyboard */,
				19F2F7AF1E98C56000936FCF /* LaunchScreen.storyboard */,
				1953DA421E9CF91D0097D40F /* Prepare.storyboard */,
				FE0C69081EAF8525000B228C /* PlayerSelectCharacter.storyboard */,
			);
			name = storyboard;
			sourceTree = "<group>";
		};
		19F2F7951E98C56000936FCF = {
			isa = PBXGroup;
			children = (
				190BD22F1EA5C4E10085EB44 /* FMDB */,
				19FE7B0C1EA4FC2A00ACA6E0 /* plist */,
				191924311EA25D6B00F8B759 /* coreData */,
				191924181E9E64F500F8B759 /* icon.png */,
				19F5D01D1E9A645B00B15A67 /* Animation */,
				19F5D0141E9A454600B15A67 /* MBHud库 */,
				1953DA3E1E9CEA950097D40F /* storyboard */,
				190051031E98D5AB00D5415A /* 界面 */,
				19F2F7A01E98C56000936FCF /* wolfmen_killers */,
				19F2F7A41E98C56000936FCF /* AppDelegate.h */,
				19F2F79F1E98C56000936FCF /* Products */,
				191924321EA3597A00F8B759 /* Frameworks */,
			);
			sourceTree = "<group>";
		};
		19F2F79F1E98C56000936FCF /* Products */ = {
			isa = PBXGroup;
			children = (
				19F2F79E1E98C56000936FCF /* wolfmen_killers.app */,
			);
			name = Products;
			sourceTree = "<group>";
		};
		19F2F7A01E98C56000936FCF /* wolfmen_killers */ = {
			isa = PBXGroup;
			children = (
				19F2F7A51E98C56000936FCF /* AppDelegate.m */,
				1919241D1EA1EA6900F8B759 /* Assets.xcassets */,
				19F2F7A11E98C56000936FCF /* Supporting Files */,
			);
			path = wolfmen_killers;
			sourceTree = "<group>";
		};
		19F2F7A11E98C56000936FCF /* Supporting Files */ = {
			isa = PBXGroup;
			children = (
				19F2F7A21E98C56000936FCF /* main.m */,
			);
			name = "Supporting Files";
			sourceTree = "<group>";
		};
		19F5D0141E9A454600B15A67 /* MBHud库 */ = {
			isa = PBXGroup;
			children = (
				19F5D0151E9A464100B15A67 /* MBProgressHUD.h */,
				19F5D0161E9A464100B15A67 /* MBProgressHUD.m */,
				19F5D0171E9A464100B15A67 /* MBProgressHUD+MJ.h */,
				19F5D0181E9A464100B15A67 /* MBProgressHUD+MJ.m */,
			);
			name = "MBHud库";
			sourceTree = "<group>";
		};
		19F5D01D1E9A645B00B15A67 /* Animation */ = {
			isa = PBXGroup;
			children = (
				19F5D01F1E9A64D400B15A67 /* CIDoorwaySegue.m */,
				19F5D01E1E9A64CD00B15A67 /* CIDoorwaySegue.h */,
			);
			name = Animation;
			sourceTree = "<group>";
		};
		19FE7B0C1EA4FC2A00ACA6E0 /* plist */ = {
			isa = PBXGroup;
			children = (
				19FE7B051EA4F49C00ACA6E0 /* wolfmen_killers.entitlements */,
			);
			name = plist;
			sourceTree = "<group>";
		};
/* End PBXGroup section */

/* Begin PBXNativeTarget section */
		19F2F79D1E98C56000936FCF /* wolfmen_killers */ = {
			isa = PBXNativeTarget;
			buildConfigurationList = 19F2F7B51E98C56000936FCF /* Build configuration list for PBXNativeTarget "wolfmen_killers" */;
			buildPhases = (
				19F2F79A1E98C56000936FCF /* Sources */,
				19F2F79B1E98C56000936FCF /* Frameworks */,
				19F2F79C1E98C56000936FCF /* Resources */,
			);
			buildRules = (
			);
			dependencies = (
			);
			name = wolfmen_killers;
			productName = wolfmen_killers;
			productReference = 19F2F79E1E98C56000936FCF /* wolfmen_killers.app */;
			productType = "com.apple.product-type.application";
		};
/* End PBXNativeTarget section */

/* Begin PBXProject section */
		19F2F7961E98C56000936FCF /* Project object */ = {
			isa = PBXProject;
			attributes = {
				LastUpgradeCheck = 0820;
				ORGANIZATIONNAME = "裴培华";
				TargetAttributes = {
					19F2F79D1E98C56000936FCF = {
						CreatedOnToolsVersion = 8.2.1;
						ProvisioningStyle = Automatic;
						SystemCapabilities = {
							com.apple.InterAppAudio = {
								enabled = 1;
							};
						};
					};
				};
			};
			buildConfigurationList = 19F2F7991E98C56000936FCF /* Build configuration list for PBXProject "wolfmen_killers" */;
			compatibilityVersion = "Xcode 3.2";
			developmentRegion = English;
			hasScannedForEncodings = 0;
			knownRegions = (
				en,
				Base,
			);
			mainGroup = 19F2F7951E98C56000936FCF;
			productRefGroup = 19F2F79F1E98C56000936FCF /* Products */;
			projectDirPath = "";
			projectRoot = "";
			targets = (
				19F2F79D1E98C56000936FCF /* wolfmen_killers */,
			);
		};
/* End PBXProject section */

/* Begin PBXResourcesBuildPhase section */
		19F2F79C1E98C56000936FCF /* Resources */ = {
			isa = PBXResourcesBuildPhase;
			buildActionMask = 2147483647;
			files = (
				199E02F01E98F93900F07F30 /* login.storyboard in Resources */,
				1919243E1EA362DF00F8B759 /* friend.storyboard in Resources */,
				1953DA431E9CF91D0097D40F /* Prepare.storyboard in Resources */,
				190BD24B1EA60A200085EB44 /* wolfmen_killer_DB.db in Resources */,
				191924191E9E64F500F8B759 /* icon.png in Resources */,
				1919243C1EA3627200F8B759 /* history.storyboard in Resources */,
				191924401EA3636D00F8B759 /* help.storyboard in Resources */,
				19F2F7B11E98C56000936FCF /* LaunchScreen.storyboard in Resources */,
				1919241E1EA1EA6900F8B759 /* Assets.xcassets in Resources */,
				FE0C69091EAF8525000B228C /* PlayerSelectCharacter.storyboard in Resources */,
				1953DA3D1E9CE74A0097D40F /* VCMain.storyboard in Resources */,
			);
			runOnlyForDeploymentPostprocessing = 0;
		};
/* End PBXResourcesBuildPhase section */

/* Begin PBXSourcesBuildPhase section */
		19F2F79A1E98C56000936FCF /* Sources */ = {
			isa = PBXSourcesBuildPhase;
			buildActionMask = 2147483647;
			files = (
				192CBD7F1EA6607C002E48F7 /* Vcell.m in Sources */,
				192CBD7C1EA65047002E48F7 /* VCCharactor.m in Sources */,
				19F5CFFE1E99244B00B15A67 /* VCRegist.m in Sources */,
				1919243A1EA3624500F8B759 /* VCHistory.m in Sources */,
				190BD23D1EA5C4FF0085EB44 /* FMDatabasePool.m in Sources */,
				1900510C1E98E21F00D5415A /* VCBegain.m in Sources */,
				19F2F7A61E98C56000936FCF /* AppDelegate.m in Sources */,
				190BD23E1EA5C4FF0085EB44 /* FMDatabaseQueue.m in Sources */,
				190BD23B1EA5C4FF0085EB44 /* FMDatabase.m in Sources */,
				190BD23C1EA5C4FF0085EB44 /* FMDatabaseAdditions.m in Sources */,
				19F5D0101E9A432C00B15A67 /* VCMain.m in Sources */,
				190BD23F1EA5C4FF0085EB44 /* FMResultSet.m in Sources */,
				19F5D01A1E9A464100B15A67 /* MBProgressHUD+MJ.m in Sources */,
				191924301EA25D3100F8B759 /* gameElementDB.xcdatamodeld in Sources */,
				1919242A1EA217FB00F8B759 /* VCFriend.m in Sources */,
				FE0C690C1EAF8875000B228C /* VCPlayerSelect.m in Sources */,
				19F2F7A31E98C56000936FCF /* main.m in Sources */,
				19FE7B041EA4EB4F00ACA6E0 /* VCWeb.m in Sources */,
				1919241C1E9FB2F200F8B759 /* VCUserInfo.m in Sources */,
				190BD2451EA5E7320085EB44 /* NSObject+DBPart.m in Sources */,
				191924431EA3638A00F8B759 /* VCHelp.m in Sources */,
				FE0C690F1EAF89D6000B228C /* VSelectCell.m in Sources */,
				19F5CFFB1E991C4F00B15A67 /* VCLogin.m in Sources */,
				19F5D0191E9A464100B15A67 /* MBProgressHUD.m in Sources */,
				1919242D1EA220F900F8B759 /* VCPrepare.m in Sources */,
				19F5D0201E9A64D400B15A67 /* CIDoorwaySegue.m in Sources */,
			);
			runOnlyForDeploymentPostprocessing = 0;
		};
/* End PBXSourcesBuildPhase section */

/* Begin PBXVariantGroup section */
		19F2F7AF1E98C56000936FCF /* LaunchScreen.storyboard */ = {
			isa = PBXVariantGroup;
			children = (
				19F2F7B01E98C56000936FCF /* Base */,
			);
			name = LaunchScreen.storyboard;
			path = wolfmen_killers;
			sourceTree = "<group>";
		};
/* End PBXVariantGroup section */

/* Begin XCBuildConfiguration section */
		19F2F7B31E98C56000936FCF /* Debug */ = {
			isa = XCBuildConfiguration;
			buildSettings = {
				ALWAYS_SEARCH_USER_PATHS = NO;
				CLANG_ANALYZER_NONNULL = YES;
				CLANG_CXX_LANGUAGE_STANDARD = "gnu++0x";
				CLANG_CXX_LIBRARY = "libc++";
				CLANG_ENABLE_MODULES = YES;
				CLANG_ENABLE_OBJC_ARC = YES;
				CLANG_WARN_BOOL_CONVERSION = YES;
				CLANG_WARN_CONSTANT_CONVERSION = YES;
				CLANG_WARN_DIRECT_OBJC_ISA_USAGE = YES_ERROR;
				CLANG_WARN_DOCUMENTATION_COMMENTS = YES;
				CLANG_WARN_EMPTY_BODY = YES;
				CLANG_WARN_ENUM_CONVERSION = YES;
				CLANG_WARN_INFINITE_RECURSION = YES;
				CLANG_WARN_INT_CONVERSION = YES;
				CLANG_WARN_OBJC_ROOT_CLASS = YES_ERROR;
				CLANG_WARN_SUSPICIOUS_MOVE = YES;
				CLANG_WARN_UNREACHABLE_CODE = YES;
				CLANG_WARN__DUPLICATE_METHOD_MATCH = YES;
				"CODE_SIGN_IDENTITY[sdk=iphoneos*]" = "iPhone Developer";
				COPY_PHASE_STRIP = NO;
				DEBUG_INFORMATION_FORMAT = dwarf;
				ENABLE_STRICT_OBJC_MSGSEND = YES;
				ENABLE_TESTABILITY = YES;
				GCC_C_LANGUAGE_STANDARD = gnu99;
				GCC_DYNAMIC_NO_PIC = NO;
				GCC_NO_COMMON_BLOCKS = YES;
				GCC_OPTIMIZATION_LEVEL = 0;
				GCC_PREPROCESSOR_DEFINITIONS = (
					"DEBUG=1",
					"$(inherited)",
				);
				GCC_WARN_64_TO_32_BIT_CONVERSION = YES;
				GCC_WARN_ABOUT_RETURN_TYPE = YES_ERROR;
				GCC_WARN_UNDECLARED_SELECTOR = YES;
				GCC_WARN_UNINITIALIZED_AUTOS = YES_AGGRESSIVE;
				GCC_WARN_UNUSED_FUNCTION = YES;
				GCC_WARN_UNUSED_VARIABLE = YES;
				IPHONEOS_DEPLOYMENT_TARGET = 10.2;
				MTL_ENABLE_DEBUG_INFO = YES;
				ONLY_ACTIVE_ARCH = YES;
				SDKROOT = iphoneos;
				SWIFT_VERSION = 3.0;
			};
			name = Debug;
		};
		19F2F7B41E98C56000936FCF /* Release */ = {
			isa = XCBuildConfiguration;
			buildSettings = {
				ALWAYS_SEARCH_USER_PATHS = NO;
				CLANG_ANALYZER_NONNULL = YES;
				CLANG_CXX_LANGUAGE_STANDARD = "gnu++0x";
				CLANG_CXX_LIBRARY = "libc++";
				CLANG_ENABLE_MODULES = YES;
				CLANG_ENABLE_OBJC_ARC = YES;
				CLANG_WARN_BOOL_CONVERSION = YES;
				CLANG_WARN_CONSTANT_CONVERSION = YES;
				CLANG_WARN_DIRECT_OBJC_ISA_USAGE = YES_ERROR;
				CLANG_WARN_DOCUMENTATION_COMMENTS = YES;
				CLANG_WARN_EMPTY_BODY = YES;
				CLANG_WARN_ENUM_CONVERSION = YES;
				CLANG_WARN_INFINITE_RECURSION = YES;
				CLANG_WARN_INT_CONVERSION = YES;
				CLANG_WARN_OBJC_ROOT_CLASS = YES_ERROR;
				CLANG_WARN_SUSPICIOUS_MOVE = YES;
				CLANG_WARN_UNREACHABLE_CODE = YES;
				CLANG_WARN__DUPLICATE_METHOD_MATCH = YES;
				"CODE_SIGN_IDENTITY[sdk=iphoneos*]" = "iPhone Developer";
				COPY_PHASE_STRIP = NO;
				DEBUG_INFORMATION_FORMAT = "dwarf-with-dsym";
				ENABLE_NS_ASSERTIONS = NO;
				ENABLE_STRICT_OBJC_MSGSEND = YES;
				GCC_C_LANGUAGE_STANDARD = gnu99;
				GCC_NO_COMMON_BLOCKS = YES;
				GCC_WARN_64_TO_32_BIT_CONVERSION = YES;
				GCC_WARN_ABOUT_RETURN_TYPE = YES_ERROR;
				GCC_WARN_UNDECLARED_SELECTOR = YES;
				GCC_WARN_UNINITIALIZED_AUTOS = YES_AGGRESSIVE;
				GCC_WARN_UNUSED_FUNCTION = YES;
				GCC_WARN_UNUSED_VARIABLE = YES;
				IPHONEOS_DEPLOYMENT_TARGET = 10.2;
				MTL_ENABLE_DEBUG_INFO = NO;
				SDKROOT = iphoneos;
				SWIFT_VERSION = 3.0;
				VALIDATE_PRODUCT = YES;
			};
			name = Release;
		};
		19F2F7B61E98C56000936FCF /* Debug */ = {
			isa = XCBuildConfiguration;
			buildSettings = {
				CODE_SIGN_ENTITLEMENTS = wolfmen_killers/wolfmen_killers.entitlements;
				CODE_SIGN_IDENTITY = "iPhone Developer";
				DEVELOPMENT_TEAM = "";
				INFOPLIST_FILE = wolfmen_killers/Info.plist;
				IPHONEOS_DEPLOYMENT_TARGET = 10.0;
				LD_RUNPATH_SEARCH_PATHS = "$(inherited) @executable_path/Frameworks";
				PRODUCT_BUNDLE_IDENTIFIER = "o1.wolfmen-killers";
				PRODUCT_NAME = "$(TARGET_NAME)";
				TARGETED_DEVICE_FAMILY = 1;
			};
			name = Debug;
		};
		19F2F7B71E98C56000936FCF /* Release */ = {
			isa = XCBuildConfiguration;
			buildSettings = {
				CODE_SIGN_ENTITLEMENTS = wolfmen_killers/wolfmen_killers.entitlements;
				CODE_SIGN_IDENTITY = "iPhone Developer";
				DEVELOPMENT_TEAM = "";
				INFOPLIST_FILE = wolfmen_killers/Info.plist;
				IPHONEOS_DEPLOYMENT_TARGET = 10.0;
				LD_RUNPATH_SEARCH_PATHS = "$(inherited) @executable_path/Frameworks";
				MTL_ENABLE_DEBUG_INFO = YES;
				PRODUCT_BUNDLE_IDENTIFIER = "o1.wolfmen-killers";
				PRODUCT_NAME = "$(TARGET_NAME)";
				TARGETED_DEVICE_FAMILY = 1;
			};
			name = Release;
		};
/* End XCBuildConfiguration section */

/* Begin XCConfigurationList section */
		19F2F7991E98C56000936FCF /* Build configuration list for PBXProject "wolfmen_killers" */ = {
			isa = XCConfigurationList;
			buildConfigurations = (
				19F2F7B31E98C56000936FCF /* Debug */,
				19F2F7B41E98C56000936FCF /* Release */,
			);
			defaultConfigurationIsVisible = 0;
			defaultConfigurationName = Release;
		};
		19F2F7B51E98C56000936FCF /* Build configuration list for PBXNativeTarget "wolfmen_killers" */ = {
			isa = XCConfigurationList;
			buildConfigurations = (
				19F2F7B61E98C56000936FCF /* Debug */,
				19F2F7B71E98C56000936FCF /* Release */,
			);
			defaultConfigurationIsVisible = 0;
			defaultConfigurationName = Release;
		};
/* End XCConfigurationList section */

/* Begin XCVersionGroup section */
		1919242E1EA25D3100F8B759 /* gameElementDB.xcdatamodeld */ = {
			isa = XCVersionGroup;
			children = (
				1919242F1EA25D3100F8B759 /* gameElementDB.xcdatamodel */,
			);
			currentVersion = 1919242F1EA25D3100F8B759 /* gameElementDB.xcdatamodel */;
			name = gameElementDB.xcdatamodeld;
			path = coreData/gameElementDB.xcdatamodeld;
			sourceTree = "<group>";
			versionGroupType = wrapper.xcdatamodel;
		};
/* End XCVersionGroup section */
	};
	rootObject = 19F2F7961E98C56000936FCF /* Project object */;
}
